
Microsoft Visual Studio Solution File, Format Version 12.00
# Visual Studio Version 17
VisualStudioVersion = 17.0.31903.59
MinimumVisualStudioVersion = 10.0.40219.1
Project("{2150E333-8FDC-42A3-9474-1A3956D46DE8}") = "src", "src", "{F90395D3-4702-4FB6-B656-39BABA8EE074}"
EndProject
Project("{FAE04EC0-301F-11D3-BF4B-00C04F79EFBC}") = "SqRaft.Tql", "src\SqRaft.Tql\SqRaft.Tql.csproj", "{5B517C1C-A194-4910-BCC3-AF8F69C3565E}"
EndProject
Project("{FAE04EC0-301F-11D3-BF4B-00C04F79EFBC}") = "SqRaft.UnitTest", "src\SqRaft.UnitTest\SqRaft.UnitTest.csproj", "{EC6DEADF-C7F1-46A6-B3A3-9B4A54CC0E5A}"
EndProject
Global
	GlobalSection(SolutionConfigurationPlatforms) = preSolution
		Debug|Any CPU = Debug|Any CPU
		Release|Any CPU = Release|Any CPU
	EndGlobalSection
	GlobalSection(SolutionProperties) = preSolution
		HideSolutionNode = FALSE
	EndGlobalSection
	GlobalSection(ProjectConfigurationPlatforms) = postSolution
		{5B517C1C-A194-4910-BCC3-AF8F69C3565E}.Debug|Any CPU.ActiveCfg = Debug|Any CPU
		{5B517C1C-A194-4910-BCC3-AF8F69C3565E}.Debug|Any CPU.Build.0 = Debug|Any CPU
		{5B517C1C-A194-4910-BCC3-AF8F69C3565E}.Release|Any CPU.ActiveCfg = Release|Any CPU
		{5B517C1C-A194-4910-BCC3-AF8F69C3565E}.Release|Any CPU.Build.0 = Release|Any CPU
		{EC6DEADF-C7F1-46A6-B3A3-9B4A54CC0E5A}.Debug|Any CPU.ActiveCfg = Debug|Any CPU
		{EC6DEADF-C7F1-46A6-B3A3-9B4A54CC0E5A}.Debug|Any CPU.Build.0 = Debug|Any CPU
		{EC6DEADF-C7F1-46A6-B3A3-9B4A54CC0E5A}.Release|Any CPU.ActiveCfg = Release|Any CPU
		{EC6DEADF-C7F1-46A6-B3A3-9B4A54CC0E5A}.Release|Any CPU.Build.0 = Release|Any CPU
	EndGlobalSection
	GlobalSection(NestedProjects) = preSolution
		{5B517C1C-A194-4910-BCC3-AF8F69C3565E} = {F90395D3-4702-4FB6-B656-39BABA8EE074}
		{EC6DEADF-C7F1-46A6-B3A3-9B4A54CC0E5A} = {F90395D3-4702-4FB6-B656-39BABA8EE074}
	EndGlobalSection
EndGlobal
